
Microsoft Visual Studio Solution File, Format Version 12.00
# Visual Studio Version 16
VisualStudioVersion = 16.0.30907.101
MinimumVisualStudioVersion = 10.0.40219.1
Project("{FAE04EC0-301F-11D3-BF4B-00C04F79EFBC}") = "Wayfarer.Android", "Wayfarer.Android\Wayfarer.Android.csproj", "{8CC653FB-C53F-4948-9893-C267400C8034}"
EndProject
Project("{FAE04EC0-301F-11D3-BF4B-00C04F79EFBC}") = "Wayfarer", "Wayfarer\Wayfarer.csproj", "{DA6C8FA2-402E-48EC-8A2A-8ED61ACC240D}"
EndProject
Global
	GlobalSection(SolutionConfigurationPlatforms) = preSolution
		Debug|Any CPU = Debug|Any CPU
		Release|Any CPU = Release|Any CPU
	EndGlobalSection
	GlobalSection(ProjectConfigurationPlatforms) = postSolution
		{8CC653FB-C53F-4948-9893-C267400C8034}.Debug|Any CPU.ActiveCfg = Debug|Any CPU
		{8CC653FB-C53F-4948-9893-C267400C8034}.Debug|Any CPU.Build.0 = Debug|Any CPU
		{8CC653FB-C53F-4948-9893-C267400C8034}.Debug|Any CPU.Deploy.0 = Debug|Any CPU
		{8CC653FB-C53F-4948-9893-C267400C8034}.Release|Any CPU.ActiveCfg = Release|Any CPU
		{8CC653FB-C53F-4948-9893-C267400C8034}.Release|Any CPU.Build.0 = Release|Any CPU
		{8CC653FB-C53F-4948-9893-C267400C8034}.Release|Any CPU.Deploy.0 = Release|Any CPU
		{DA6C8FA2-402E-48EC-8A2A-8ED61ACC240D}.Debug|Any CPU.ActiveCfg = Debug|Any CPU
		{DA6C8FA2-402E-48EC-8A2A-8ED61ACC240D}.Debug|Any CPU.Build.0 = Debug|Any CPU
		{DA6C8FA2-402E-48EC-8A2A-8ED61ACC240D}.Debug|Any CPU.Deploy.0 = Debug|Any CPU
		{DA6C8FA2-402E-48EC-8A2A-8ED61ACC240D}.Release|Any CPU.ActiveCfg = Release|Any CPU
		{DA6C8FA2-402E-48EC-8A2A-8ED61ACC240D}.Release|Any CPU.Build.0 = Release|Any CPU
		{DA6C8FA2-402E-48EC-8A2A-8ED61ACC240D}.Release|Any CPU.Deploy.0 = Release|Any CPU
	EndGlobalSection
	GlobalSection(SolutionProperties) = preSolution
		HideSolutionNode = FALSE
	EndGlobalSection
	GlobalSection(ExtensibilityGlobals) = postSolution
		SolutionGuid = {1780F8C3-A7EC-4073-9AC9-8CECC556D13B}
	EndGlobalSection
EndGlobal
